Microsoft Visual Studio Solution File, Format Version 12.00
# Visual Studio Version 17
VisualStudioVersion = 17.5.2.0
MinimumVisualStudioVersion = 10.0.40219.1
Project("{2150E333-8FDC-42A3-9474-1A3956D46DE8}") = "src", "src", "{827E0CD3-B72D-47B6-A68D-7590B98EB39B}"
EndProject
Project("{FAE04EC0-301F-11D3-BF4B-00C04F79EFBC}") = "Moedim.Mcp.Fabric", "src\Moedim.Mcp.Fabric\Moedim.Mcp.Fabric.csproj", "{F28DAE8F-E39E-6FAC-0A51-52B5DB904EE0}"
EndProject
Global
	GlobalSection(SolutionConfigurationPlatforms) = preSolution
		Debug|Any CPU = Debug|Any CPU
		Release|Any CPU = Release|Any CPU
	EndGlobalSection
	GlobalSection(ProjectConfigurationPlatforms) = postSolution
		{F28DAE8F-E39E-6FAC-0A51-52B5DB904EE0}.Debug|Any CPU.ActiveCfg = Debug|Any CPU
		{F28DAE8F-E39E-6FAC-0A51-52B5DB904EE0}.Debug|Any CPU.Build.0 = Debug|Any CPU
		{F28DAE8F-E39E-6FAC-0A51-52B5DB904EE0}.Release|Any CPU.ActiveCfg = Release|Any CPU
		{F28DAE8F-E39E-6FAC-0A51-52B5DB904EE0}.Release|Any CPU.Build.0 = Release|Any CPU
	EndGlobalSection
	GlobalSection(SolutionProperties) = preSolution
		HideSolutionNode = FALSE
	EndGlobalSection
	GlobalSection(NestedProjects) = preSolution
		{F28DAE8F-E39E-6FAC-0A51-52B5DB904EE0} = {827E0CD3-B72D-47B6-A68D-7590B98EB39B}
	EndGlobalSection
	GlobalSection(ExtensibilityGlobals) = postSolution
		SolutionGuid = {0508ECDF-E0C2-457F-8C79-D605EF51997C}
	EndGlobalSection
EndGlobal
